
Microsoft Visual Studio Solution File, Format Version 12.00
# Visual Studio Version 17
VisualStudioVersion = 17.7.34031.279
MinimumVisualStudioVersion = 10.0.40219.1
Project("{2150E333-8FDC-42A3-9474-1A3956D46DE8}") = "src", "src", "{D6A2124F-D23F-4C3A-A8BB-CF2E3EAA1EB1}"
EndProject
Project("{9A19103F-16F7-4668-BE54-9A1E7A4F7556}") = "WorkoutLogs.Core", "WorkoutLogs.Core\WorkoutLogs.Core.csproj", "{69B69296-7285-4AA3-B270-8A06555759D2}"
EndProject
Project("{9A19103F-16F7-4668-BE54-9A1E7A4F7556}") = "WorkoutLogs.Persistence", "WorkoutLogs.Persistence\WorkoutLogs.Persistence.csproj", "{5E554961-D526-4785-AC4C-1D101E0D1099}"
EndProject
Project("{2150E333-8FDC-42A3-9474-1A3956D46DE8}") = "Api", "Api", "{5AD5720D-A126-4D5D-B040-4D571CD90195}"
EndProject
Project("{FAE04EC0-301F-11D3-BF4B-00C04F79EFBC}") = "WorkoutLogs.Api", "WorkoutLogs.Api\WorkoutLogs.Api.csproj", "{5653B145-042D-4166-865B-7514C36CDBB4}"
EndProject
Project("{FAE04EC0-301F-11D3-BF4B-00C04F79EFBC}") = "WorkoutLogs.Application", "WorkoutLogs.Application\WorkoutLogs.Application.csproj", "{89086DD1-645D-4003-AB29-34338AD261CD}"
EndProject
Global
	GlobalSection(SolutionConfigurationPlatforms) = preSolution
		Debug|Any CPU = Debug|Any CPU
		Release|Any CPU = Release|Any CPU
	EndGlobalSection
	GlobalSection(ProjectConfigurationPlatforms) = postSolution
		{69B69296-7285-4AA3-B270-8A06555759D2}.Debug|Any CPU.ActiveCfg = Debug|Any CPU
		{69B69296-7285-4AA3-B270-8A06555759D2}.Debug|Any CPU.Build.0 = Debug|Any CPU
		{69B69296-7285-4AA3-B270-8A06555759D2}.Release|Any CPU.ActiveCfg = Release|Any CPU
		{69B69296-7285-4AA3-B270-8A06555759D2}.Release|Any CPU.Build.0 = Release|Any CPU
		{5E554961-D526-4785-AC4C-1D101E0D1099}.Debug|Any CPU.ActiveCfg = Debug|Any CPU
		{5E554961-D526-4785-AC4C-1D101E0D1099}.Debug|Any CPU.Build.0 = Debug|Any CPU
		{5E554961-D526-4785-AC4C-1D101E0D1099}.Release|Any CPU.ActiveCfg = Release|Any CPU
		{5E554961-D526-4785-AC4C-1D101E0D1099}.Release|Any CPU.Build.0 = Release|Any CPU
		{5653B145-042D-4166-865B-7514C36CDBB4}.Debug|Any CPU.ActiveCfg = Debug|Any CPU
		{5653B145-042D-4166-865B-7514C36CDBB4}.Debug|Any CPU.Build.0 = Debug|Any CPU
		{5653B145-042D-4166-865B-7514C36CDBB4}.Release|Any CPU.ActiveCfg = Release|Any CPU
		{5653B145-042D-4166-865B-7514C36CDBB4}.Release|Any CPU.Build.0 = Release|Any CPU
		{89086DD1-645D-4003-AB29-34338AD261CD}.Debug|Any CPU.ActiveCfg = Debug|Any CPU
		{89086DD1-645D-4003-AB29-34338AD261CD}.Debug|Any CPU.Build.0 = Debug|Any CPU
		{89086DD1-645D-4003-AB29-34338AD261CD}.Release|Any CPU.ActiveCfg = Release|Any CPU
		{89086DD1-645D-4003-AB29-34338AD261CD}.Release|Any CPU.Build.0 = Release|Any CPU
	EndGlobalSection
	GlobalSection(SolutionProperties) = preSolution
		HideSolutionNode = FALSE
	EndGlobalSection
	GlobalSection(NestedProjects) = preSolution
		{69B69296-7285-4AA3-B270-8A06555759D2} = {D6A2124F-D23F-4C3A-A8BB-CF2E3EAA1EB1}
		{5E554961-D526-4785-AC4C-1D101E0D1099} = {D6A2124F-D23F-4C3A-A8BB-CF2E3EAA1EB1}
		{5AD5720D-A126-4D5D-B040-4D571CD90195} = {D6A2124F-D23F-4C3A-A8BB-CF2E3EAA1EB1}
		{5653B145-042D-4166-865B-7514C36CDBB4} = {5AD5720D-A126-4D5D-B040-4D571CD90195}
		{89086DD1-645D-4003-AB29-34338AD261CD} = {D6A2124F-D23F-4C3A-A8BB-CF2E3EAA1EB1}
	EndGlobalSection
	GlobalSection(ExtensibilityGlobals) = postSolution
		SolutionGuid = {592CBB83-4095-40BD-8BE5-F1A3D14A52BB}
	EndGlobalSection
EndGlobal
